{
  "name": "ceti-zetta",
  "version": "1.0.0",
  "lockfileVersion": 2,
  "requires": true,
  "packages": {
    "": {
      "name": "ceti-zetta",
      "version": "1.0.0",
      "license": "ISC",
      "dependencies": {
        "zetta": "^0.0.3"
      }
    },
    "node_modules/argo": {
      "version": "0.4.9",
      "resolved": "https://registry.npmjs.org/argo/-/argo-0.4.9.tgz",
      "integrity": "sha1-Kscyb0n4S2YnLFuS/fRHdtLMrSc=",
      "dependencies": {
        "pipeworks": "1.2.x"
      }
    },
    "node_modules/argo-clf": {
      "version": "1.0.0",
      "resolved": "https://registry.npmjs.org/argo-clf/-/argo-clf-1.0.0.tgz",
      "integrity": "sha512-yXnqDcYYUu0TF1C1CUGdNx4bU4ifT32YYI/1L+m7C7mjC1XvFh7uA0tLlJYxc3hrGJtZa6kw6H6+Q0pBSzIJQA=="
    },
    "node_modules/argo-formatter": {
      "version": "0.0.0",
      "resolved": "https://registry.npmjs.org/argo-formatter/-/argo-formatter-0.0.0.tgz",
      "integrity": "sha1-DKllBZpvHlInGwh7qpmyc01gO94="
    },
    "node_modules/argo-formatter-siren": {
      "version": "0.0.0",
      "resolved": "https://registry.npmjs.org/argo-formatter-siren/-/argo-formatter-siren-0.0.0.tgz",
      "integrity": "sha1-0XhmNAKfMVqDpFWbmopoMmVpbJg="
    },
    "node_modules/argo-gzip": {
      "version": "0.2.1",
      "resolved": "https://registry.npmjs.org/argo-gzip/-/argo-gzip-0.2.1.tgz",
      "integrity": "sha1-3n8LHcsXxj3qNoTawN+JH9OG+ww=",
      "dependencies": {
        "argo": "0.4.9"
      }
    },
    "node_modules/argo-multiparty": {
      "version": "0.0.3",
      "resolved": "https://registry.npmjs.org/argo-multiparty/-/argo-multiparty-0.0.3.tgz",
      "integrity": "sha1-hbUJwqeyFgGUsNDYuYyT+1xzNxM=",
      "dependencies": {
        "multiparty": "^3.2.3"
      }
    },
    "node_modules/argo-resource": {
      "version": "1.0.0",
      "resolved": "https://registry.npmjs.org/argo-resource/-/argo-resource-1.0.0.tgz",
      "integrity": "sha512-HhysOLB1/0or/RjmvQW/ukfZjHBpNgz3H6n1+IbmDAjOl8LYhqrCN3puNpt0M7wdIy6aCY948A6NpzQHn59Rxw==",
      "dependencies": {
        "negotiator": "^0.6.1",
        "pipeworks": "~1.3.1"
      }
    },
    "node_modules/argo-resource/node_modules/pipeworks": {
      "version": "1.3.1",
      "resolved": "https://registry.npmjs.org/pipeworks/-/pipeworks-1.3.1.tgz",
      "integrity": "sha1-+ENvhWXtHZe/OoBjKlOXv9NTOF8="
    },
    "node_modules/argo-url-helper": {
      "version": "0.7.0",
      "resolved": "https://registry.npmjs.org/argo-url-helper/-/argo-url-helper-0.7.0.tgz",
      "integrity": "sha1-bNdJVfGFV0a5oEb8vXILaPRR3xk="
    },
    "node_modules/argo-url-router": {
      "version": "0.0.6",
      "resolved": "https://registry.npmjs.org/argo-url-router/-/argo-url-router-0.0.6.tgz",
      "integrity": "sha1-rCD45AM5W6z5TKlPsGIeEHgjfNQ="
    },
    "node_modules/balanced-match": {
      "version": "1.0.0",
      "resolved": "https://registry.npmjs.org/balanced-match/-/balanced-match-1.0.0.tgz",
      "integrity": "sha1-ibTRmasr7kneFk6gK4nORi1xt2c=",
      "optional": true
    },
    "node_modules/brace-expansion": {
      "version": "1.1.11",
      "resolved": "https://registry.npmjs.org/brace-expansion/-/brace-expansion-1.1.11.tgz",
      "integrity": "sha512-iCuPHDFgrHX7H2vEI/5xpz07zSHB00TpugqhmYtVmMO6518mCuRMoOYFldEBl0g187ufozdaHgWKcYFb61qGiA==",
      "optional": true,
      "dependencies": {
        "balanced-match": "^1.0.0",
        "concat-map": "0.0.1"
      }
    },
    "node_modules/bunyan": {
      "version": "0.22.3",
      "resolved": "https://registry.npmjs.org/bunyan/-/bunyan-0.22.3.tgz",
      "integrity": "sha1-ehncG0yMZF90AkGnQPIkUUfGfsI=",
      "engines": [
        "node >=0.6.0"
      ],
      "bin": {
        "bunyan": "bin/bunyan"
      },
      "optionalDependencies": {
        "dtrace-provider": "0.2.8",
        "mv": "~2"
      }
    },
    "node_modules/colors": {
      "version": "0.6.2",
      "resolved": "https://registry.npmjs.org/colors/-/colors-0.6.2.tgz",
      "integrity": "sha1-JCP+ZnisDF2uiFLl0OW+CMmXq8w=",
      "engines": {
        "node": ">=0.1.90"
      }
    },
    "node_modules/commander": {
      "version": "2.1.0",
      "resolved": "https://registry.npmjs.org/commander/-/commander-2.1.0.tgz",
      "integrity": "sha1-0SG7roYNmZKj1Re6lvVliOR8Z4E=",
      "engines": {
        "node": ">= 0.6.x"
      }
    },
    "node_modules/concat-map": {
      "version": "0.0.1",
      "resolved": "https://registry.npmjs.org/concat-map/-/concat-map-0.0.1.tgz",
      "integrity": "sha1-2Klr13/Wjfd5OnMDajug1UBdR3s=",
      "optional": true
    },
    "node_modules/core-util-is": {
      "version": "1.0.2",
      "resolved": "https://registry.npmjs.org/core-util-is/-/core-util-is-1.0.2.tgz",
      "integrity": "sha1-tf1UIgqivFq1eqtxQMlAdUUDwac="
    },
    "node_modules/dtrace-provider": {
      "version": "0.2.8",
      "resolved": "https://registry.npmjs.org/dtrace-provider/-/dtrace-provider-0.2.8.tgz",
      "integrity": "sha1-4kPxkhmqlfvw2PL/sH9b1k6U/iA=",
      "hasInstallScript": true,
      "optional": true,
      "engines": {
        "node": ">=0.6"
      }
    },
    "node_modules/glob": {
      "version": "6.0.4",
      "resolved": "https://registry.npmjs.org/glob/-/glob-6.0.4.tgz",
      "integrity": "sha1-DwiGD2oVUSey+t1PnOJLGqtuTSI=",
      "optional": true,
      "dependencies": {
        "inflight": "^1.0.4",
        "inherits": "2",
        "minimatch": "2 || 3",
        "once": "^1.3.0",
        "path-is-absolute": "^1.0.0"
      },
      "engines": {
        "node": "*"
      }
    },
    "node_modules/inflight": {
      "version": "1.0.6",
      "resolved": "https://registry.npmjs.org/inflight/-/inflight-1.0.6.tgz",
      "integrity": "sha1-Sb1jMdfQLQwJvJEKEHW6gWW1bfk=",
      "optional": true,
      "dependencies": {
        "once": "^1.3.0",
        "wrappy": "1"
      }
    },
    "node_modules/inherits": {
      "version": "2.0.4",
      "resolved": "https://registry.npmjs.org/inherits/-/inherits-2.0.4.tgz",
      "integrity": "sha512-k/vGaX4/Yla3WzyMCvTQOXYeIHvqOKtnqBduzTHpzpQZzAskKMhZ2K+EnBiSM9zGSoIFeMpXKxa4dYeZIQqewQ=="
    },
    "node_modules/isarray": {
      "version": "0.0.1",
      "resolved": "https://registry.npmjs.org/isarray/-/isarray-0.0.1.tgz",
      "integrity": "sha1-ihis/Kmo9Bd+Cav8YDiTmwXR7t8="
    },
    "node_modules/minimatch": {
      "version": "3.0.4",
      "resolved": "https://registry.npmjs.org/minimatch/-/minimatch-3.0.4.tgz",
      "integrity": "sha512-yJHVQEhyqPLUTgt9B83PXu6W3rx4MvvHvSUvToogpwoGDOUQ+yDrR0HRot+yOCdCO7u4hX3pWft6kWBBcqh0UA==",
      "optional": true,
      "dependencies": {
        "brace-expansion": "^1.1.7"
      },
      "engines": {
        "node": "*"
      }
    },
    "node_modules/minimist": {
      "version": "1.2.5",
      "resolved": "https://registry.npmjs.org/minimist/-/minimist-1.2.5.tgz",
      "integrity": "sha512-FM9nNUYrRBAELZQT3xeZQ7fmMOBg6nWNmJKTcgsJeaLstP/UODVpGsr5OhXhhXg6f+qtJ8uiZ+PUxkDWcgIXLw==",
      "optional": true
    },
    "node_modules/mkdirp": {
      "version": "0.5.5",
      "resolved": "https://registry.npmjs.org/mkdirp/-/mkdirp-0.5.5.tgz",
      "integrity": "sha512-NKmAlESf6jMGym1++R0Ra7wvhV+wFW63FaSOFPwRahvea0gMUcGUhVeAg/0BC0wiv9ih5NYPB1Wn1UEI1/L+xQ==",
      "optional": true,
      "dependencies": {
        "minimist": "^1.2.5"
      },
      "bin": {
        "mkdirp": "bin/cmd.js"
      }
    },
    "node_modules/multiparty": {
      "version": "3.2.10",
      "resolved": "https://registry.npmjs.org/multiparty/-/multiparty-3.2.10.tgz",
      "integrity": "sha1-+JghtveRKb8R/5v5NPSRHew9KcM=",
      "dependencies": {
        "readable-stream": "~1.1.9",
        "stream-counter": "~0.2.0"
      },
      "engines": {
        "node": ">=0.8.0"
      }
    },
    "node_modules/mv": {
      "version": "2.1.1",
      "resolved": "https://registry.npmjs.org/mv/-/mv-2.1.1.tgz",
      "integrity": "sha1-rmzg1vbV4KT32JN5jQPB6pVZtqI=",
      "optional": true,
      "dependencies": {
        "mkdirp": "~0.5.1",
        "ncp": "~2.0.0",
        "rimraf": "~2.4.0"
      },
      "engines": {
        "node": ">=0.8.0"
      }
    },
    "node_modules/nan": {
      "version": "1.0.0",
      "resolved": "https://registry.npmjs.org/nan/-/nan-1.0.0.tgz",
      "integrity": "sha1-riT4hQgY1mL8q1rPfzuVv6oszzg="
    },
    "node_modules/ncp": {
      "version": "2.0.0",
      "resolved": "https://registry.npmjs.org/ncp/-/ncp-2.0.0.tgz",
      "integrity": "sha1-GVoh1sRuNh0vsSgbo4uR6d9727M=",
      "optional": true,
      "bin": {
        "ncp": "bin/ncp"
      }
    },
    "node_modules/negotiator": {
      "version": "0.6.2",
      "resolved": "https://registry.npmjs.org/negotiator/-/negotiator-0.6.2.tgz",
      "integrity": "sha512-hZXc7K2e+PgeI1eDBe/10Ard4ekbfrrqG8Ep+8Jmf4JID2bNg7NvCPOZN+kfF574pFQI7mum2AUqDidoKqcTOw==",
      "engines": {
        "node": ">= 0.6"
      }
    },
    "node_modules/once": {
      "version": "1.4.0",
      "resolved": "https://registry.npmjs.org/once/-/once-1.4.0.tgz",
      "integrity": "sha1-WDsap3WWHUsROsF9nFC6753Xa9E=",
      "optional": true,
      "dependencies": {
        "wrappy": "1"
      }
    },
    "node_modules/options": {
      "version": "0.0.6",
      "resolved": "https://registry.npmjs.org/options/-/options-0.0.6.tgz",
      "integrity": "sha1-7CLTEoBrtT5zF3Pnza788cZDEo8=",
      "engines": {
        "node": ">=0.4.0"
      }
    },
    "node_modules/path-is-absolute": {
      "version": "1.0.1",
      "resolved": "https://registry.npmjs.org/path-is-absolute/-/path-is-absolute-1.0.1.tgz",
      "integrity": "sha1-F0uSaHNVNP+8es5r9TpanhtcX18=",
      "optional": true,
      "engines": {
        "node": ">=0.10.0"
      }
    },
    "node_modules/pipeworks": {
      "version": "1.2.1",
      "resolved": "https://registry.npmjs.org/pipeworks/-/pipeworks-1.2.1.tgz",
      "integrity": "sha1-Wq0insaLrPoIxsA2dyLbvXFSYk8="
    },
    "node_modules/readable-stream": {
      "version": "1.1.14",
      "resolved": "https://registry.npmjs.org/readable-stream/-/readable-stream-1.1.14.tgz",
      "integrity": "sha1-fPTFTvZI44EwhMY23SB54WbAgdk=",
      "dependencies": {
        "core-util-is": "~1.0.0",
        "inherits": "~2.0.1",
        "isarray": "0.0.1",
        "string_decoder": "~0.10.x"
      }
    },
    "node_modules/rimraf": {
      "version": "2.4.5",
      "resolved": "https://registry.npmjs.org/rimraf/-/rimraf-2.4.5.tgz",
      "integrity": "sha1-7nEM5dk6j9uFb7Xqj/Di11k0sto=",
      "optional": true,
      "dependencies": {
        "glob": "^6.0.1"
      },
      "bin": {
        "rimraf": "bin.js"
      }
    },
    "node_modules/rx": {
      "version": "2.2.28",
      "resolved": "https://registry.npmjs.org/rx/-/rx-2.2.28.tgz",
      "integrity": "sha1-KyXQ0M4kBA3v3AAUkS/A+kBV4y8="
    },
    "node_modules/spdy": {
      "version": "1.25.6",
      "resolved": "https://registry.npmjs.org/spdy/-/spdy-1.25.6.tgz",
      "integrity": "sha1-e9xar49k9aWO9vWvH8mEGtzQOvc=",
      "engines": [
        "node >= 0.7.0"
      ]
    },
    "node_modules/stream-counter": {
      "version": "0.2.0",
      "resolved": "https://registry.npmjs.org/stream-counter/-/stream-counter-0.2.0.tgz",
      "integrity": "sha1-3tJmVWMZyLDiIoErnPOyb6fZR94=",
      "dependencies": {
        "readable-stream": "~1.1.8"
      },
      "engines": {
        "node": ">=0.8.0"
      }
    },
    "node_modules/strftime": {
      "version": "0.8.4",
      "resolved": "https://registry.npmjs.org/strftime/-/strftime-0.8.4.tgz",
      "integrity": "sha1-hrFZSYRefeIMDD1p2yt0+3Pk0l4=",
      "engines": {
        "node": ">=0.2.0"
      }
    },
    "node_modules/string_decoder": {
      "version": "0.10.31",
      "resolved": "https://registry.npmjs.org/string_decoder/-/string_decoder-0.10.31.tgz",
      "integrity": "sha1-YuIDvEF2bGwoyfyEMB2rHFMQ+pQ="
    },
    "node_modules/tinycolor": {
      "version": "0.0.1",
      "resolved": "https://registry.npmjs.org/tinycolor/-/tinycolor-0.0.1.tgz",
      "integrity": "sha1-MgtaUtg6u1l42Bo+iH1K77FaYWQ=",
      "engines": {
        "node": ">=0.4.0"
      }
    },
    "node_modules/titan": {
      "version": "0.1.3",
      "resolved": "https://registry.npmjs.org/titan/-/titan-0.1.3.tgz",
      "integrity": "sha1-ymPR9KPrBZDJvlDncQSzrDDKRL8=",
      "dependencies": {
        "argo": ">=0.4.1",
        "argo-clf": ">=0.0.3",
        "argo-formatter": ">=0.0.0",
        "argo-gzip": ">=0.2.0",
        "argo-resource": ">=0.0.7",
        "argo-url-helper": ">=0.2.0",
        "argo-url-router": ">=0.0.4"
      }
    },
    "node_modules/wrappy": {
      "version": "1.0.2",
      "resolved": "https://registry.npmjs.org/wrappy/-/wrappy-1.0.2.tgz",
      "integrity": "sha1-tSQ9jz7BqjXxNkYFvA0QNuMKtp8=",
      "optional": true
    },
    "node_modules/ws": {
      "version": "0.4.32",
      "resolved": "https://registry.npmjs.org/ws/-/ws-0.4.32.tgz",
      "integrity": "sha1-eHphVEFPPJntg8V3IVOyD+sM7DI=",
      "hasInstallScript": true,
      "dependencies": {
        "commander": "~2.1.0",
        "nan": "~1.0.0",
        "options": ">=0.0.5",
        "tinycolor": "0.x"
      },
      "bin": {
        "wscat": "bin/wscat"
      },
      "engines": {
        "node": ">=0.4.0"
      }
    },
    "node_modules/zetta": {
      "version": "0.0.3",
      "resolved": "https://registry.npmjs.org/zetta/-/zetta-0.0.3.tgz",
      "integrity": "sha1-rQ2zQTlufIPTrZDivuhfxGauejI=",
      "dependencies": {
        "commander": "~2.1.0",
        "zetta-runtime": "*"
      },
      "bin": {
        "zetta": "cli.js"
      }
    },
    "node_modules/zetta-runtime": {
      "version": "0.0.13",
      "resolved": "https://registry.npmjs.org/zetta-runtime/-/zetta-runtime-0.0.13.tgz",
      "integrity": "sha1-m7htgPPjUs/NOJXHKQYXVKK9qxE=",
      "dependencies": {
        "argo": "~0.4.9",
        "argo-formatter-siren": "~0.0.0",
        "argo-multiparty": "~0.0.3",
        "bunyan": "~0.22.3",
        "colors": "~0.6.2",
        "multiparty": "~3.2.4",
        "rx": "~2.2.20",
        "spdy": "~1.25.1",
        "strftime": "~0.8.0",
        "titan": "~0.1.1",
        "ws": "^0.4.31"
      }
    }
  },
  "dependencies": {
    "argo": {
      "version": "0.4.9",
      "resolved": "https://registry.npmjs.org/argo/-/argo-0.4.9.tgz",
      "integrity": "sha1-Kscyb0n4S2YnLFuS/fRHdtLMrSc=",
      "requires": {
        "pipeworks": "1.2.x"
      }
    },
    "argo-clf": {
      "version": "1.0.0",
      "resolved": "https://registry.npmjs.org/argo-clf/-/argo-clf-1.0.0.tgz",
      "integrity": "sha512-yXnqDcYYUu0TF1C1CUGdNx4bU4ifT32YYI/1L+m7C7mjC1XvFh7uA0tLlJYxc3hrGJtZa6kw6H6+Q0pBSzIJQA=="
    },
    "argo-formatter": {
      "version": "0.0.0",
      "resolved": "https://registry.npmjs.org/argo-formatter/-/argo-formatter-0.0.0.tgz",
      "integrity": "sha1-DKllBZpvHlInGwh7qpmyc01gO94="
    },
    "argo-formatter-siren": {
      "version": "0.0.0",
      "resolved": "https://registry.npmjs.org/argo-formatter-siren/-/argo-formatter-siren-0.0.0.tgz",
      "integrity": "sha1-0XhmNAKfMVqDpFWbmopoMmVpbJg="
    },
    "argo-gzip": {
      "version": "0.2.1",
      "resolved": "https://registry.npmjs.org/argo-gzip/-/argo-gzip-0.2.1.tgz",
      "integrity": "sha1-3n8LHcsXxj3qNoTawN+JH9OG+ww=",
      "requires": {
        "argo": "0.4.9"
      }
    },
    "argo-multiparty": {
      "version": "0.0.3",
      "resolved": "https://registry.npmjs.org/argo-multiparty/-/argo-multiparty-0.0.3.tgz",
      "integrity": "sha1-hbUJwqeyFgGUsNDYuYyT+1xzNxM=",
      "requires": {
        "multiparty": "^3.2.3"
      }
    },
    "argo-resource": {
      "version": "1.0.0",
      "resolved": "https://registry.npmjs.org/argo-resource/-/argo-resource-1.0.0.tgz",
      "integrity": "sha512-HhysOLB1/0or/RjmvQW/ukfZjHBpNgz3H6n1+IbmDAjOl8LYhqrCN3puNpt0M7wdIy6aCY948A6NpzQHn59Rxw==",
      "requires": {
        "negotiator": "^0.6.1",
        "pipeworks": "~1.3.1"
      },
      "dependencies": {
        "pipeworks": {
          "version": "1.3.1",
          "resolved": "https://registry.npmjs.org/pipeworks/-/pipeworks-1.3.1.tgz",
          "integrity": "sha1-+ENvhWXtHZe/OoBjKlOXv9NTOF8="
        }
      }
    },
    "argo-url-helper": {
      "version": "0.7.0",
      "resolved": "https://registry.npmjs.org/argo-url-helper/-/argo-url-helper-0.7.0.tgz",
      "integrity": "sha1-bNdJVfGFV0a5oEb8vXILaPRR3xk="
    },
    "argo-url-router": {
      "version": "0.0.6",
      "resolved": "https://registry.npmjs.org/argo-url-router/-/argo-url-router-0.0.6.tgz",
      "integrity": "sha1-rCD45AM5W6z5TKlPsGIeEHgjfNQ="
    },
    "balanced-match": {
      "version": "1.0.0",
      "resolved": "https://registry.npmjs.org/balanced-match/-/balanced-match-1.0.0.tgz",
      "integrity": "sha1-ibTRmasr7kneFk6gK4nORi1xt2c=",
      "optional": true
    },
    "brace-expansion": {
      "version": "1.1.11",
      "resolved": "https://registry.npmjs.org/brace-expansion/-/brace-expansion-1.1.11.tgz",
      "integrity": "sha512-iCuPHDFgrHX7H2vEI/5xpz07zSHB00TpugqhmYtVmMO6518mCuRMoOYFldEBl0g187ufozdaHgWKcYFb61qGiA==",
      "optional": true,
      "requires": {
        "balanced-match": "^1.0.0",
        "concat-map": "0.0.1"
      }
    },
    "bunyan": {
      "version": "0.22.3",
      "resolved": "https://registry.npmjs.org/bunyan/-/bunyan-0.22.3.tgz",
      "integrity": "sha1-ehncG0yMZF90AkGnQPIkUUfGfsI=",
      "requires": {
        "dtrace-provider": "0.2.8",
        "mv": "~2"
      }
    },
    "colors": {
      "version": "0.6.2",
      "resolved": "https://registry.npmjs.org/colors/-/colors-0.6.2.tgz",
      "integrity": "sha1-JCP+ZnisDF2uiFLl0OW+CMmXq8w="
    },
    "commander": {
      "version": "2.1.0",
      "resolved": "https://registry.npmjs.org/commander/-/commander-2.1.0.tgz",
      "integrity": "sha1-0SG7roYNmZKj1Re6lvVliOR8Z4E="
    },
    "concat-map": {
      "version": "0.0.1",
      "resolved": "https://registry.npmjs.org/concat-map/-/concat-map-0.0.1.tgz",
      "integrity": "sha1-2Klr13/Wjfd5OnMDajug1UBdR3s=",
      "optional": true
    },
    "core-util-is": {
      "version": "1.0.2",
      "resolved": "https://registry.npmjs.org/core-util-is/-/core-util-is-1.0.2.tgz",
      "integrity": "sha1-tf1UIgqivFq1eqtxQMlAdUUDwac="
    },
    "dtrace-provider": {
      "version": "0.2.8",
      "resolved": "https://registry.npmjs.org/dtrace-provider/-/dtrace-provider-0.2.8.tgz",
      "integrity": "sha1-4kPxkhmqlfvw2PL/sH9b1k6U/iA=",
      "optional": true
    },
    "glob": {
      "version": "6.0.4",
      "resolved": "https://registry.npmjs.org/glob/-/glob-6.0.4.tgz",
      "integrity": "sha1-DwiGD2oVUSey+t1PnOJLGqtuTSI=",
      "optional": true,
      "requires": {
        "inflight": "^1.0.4",
        "inherits": "2",
        "minimatch": "2 || 3",
        "once": "^1.3.0",
        "path-is-absolute": "^1.0.0"
      }
    },
    "inflight": {
      "version": "1.0.6",
      "resolved": "https://registry.npmjs.org/inflight/-/inflight-1.0.6.tgz",
      "integrity": "sha1-Sb1jMdfQLQwJvJEKEHW6gWW1bfk=",
      "optional": true,
      "requires": {
        "once": "^1.3.0",
        "wrappy": "1"
      }
    },
    "inherits": {
      "version": "2.0.4",
      "resolved": "https://registry.npmjs.org/inherits/-/inherits-2.0.4.tgz",
      "integrity": "sha512-k/vGaX4/Yla3WzyMCvTQOXYeIHvqOKtnqBduzTHpzpQZzAskKMhZ2K+EnBiSM9zGSoIFeMpXKxa4dYeZIQqewQ=="
    },
    "isarray": {
      "version": "0.0.1",
      "resolved": "https://registry.npmjs.org/isarray/-/isarray-0.0.1.tgz",
      "integrity": "sha1-ihis/Kmo9Bd+Cav8YDiTmwXR7t8="
    },
    "minimatch": {
      "version": "3.0.4",
      "resolved": "https://registry.npmjs.org/minimatch/-/minimatch-3.0.4.tgz",
      "integrity": "sha512-yJHVQEhyqPLUTgt9B83PXu6W3rx4MvvHvSUvToogpwoGDOUQ+yDrR0HRot+yOCdCO7u4hX3pWft6kWBBcqh0UA==",
      "optional": true,
      "requires": {
        "brace-expansion": "^1.1.7"
      }
    },
    "minimist": {
      "version": "1.2.5",
      "resolved": "https://registry.npmjs.org/minimist/-/minimist-1.2.5.tgz",
      "integrity": "sha512-FM9nNUYrRBAELZQT3xeZQ7fmMOBg6nWNmJKTcgsJeaLstP/UODVpGsr5OhXhhXg6f+qtJ8uiZ+PUxkDWcgIXLw==",
      "optional": true
    },
    "mkdirp": {
      "version": "0.5.5",
      "resolved": "https://registry.npmjs.org/mkdirp/-/mkdirp-0.5.5.tgz",
      "integrity": "sha512-NKmAlESf6jMGym1++R0Ra7wvhV+wFW63FaSOFPwRahvea0gMUcGUhVeAg/0BC0wiv9ih5NYPB1Wn1UEI1/L+xQ==",
      "optional": true,
      "requires": {
        "minimist": "^1.2.5"
      }
    },
    "multiparty": {
      "version": "3.2.10",
      "resolved": "https://registry.npmjs.org/multiparty/-/multiparty-3.2.10.tgz",
      "integrity": "sha1-+JghtveRKb8R/5v5NPSRHew9KcM=",
      "requires": {
        "readable-stream": "~1.1.9",
        "stream-counter": "~0.2.0"
      }
    },
    "mv": {
      "version": "2.1.1",
      "resolved": "https://registry.npmjs.org/mv/-/mv-2.1.1.tgz",
      "integrity": "sha1-rmzg1vbV4KT32JN5jQPB6pVZtqI=",
      "optional": true,
      "requires": {
        "mkdirp": "~0.5.1",
        "ncp": "~2.0.0",
        "rimraf": "~2.4.0"
      }
    },
    "nan": {
      "version": "1.0.0",
      "resolved": "https://registry.npmjs.org/nan/-/nan-1.0.0.tgz",
      "integrity": "sha1-riT4hQgY1mL8q1rPfzuVv6oszzg="
    },
    "ncp": {
      "version": "2.0.0",
      "resolved": "https://registry.npmjs.org/ncp/-/ncp-2.0.0.tgz",
      "integrity": "sha1-GVoh1sRuNh0vsSgbo4uR6d9727M=",
      "optional": true
    },
    "negotiator": {
      "version": "0.6.2",
      "resolved": "https://registry.npmjs.org/negotiator/-/negotiator-0.6.2.tgz",
      "integrity": "sha512-hZXc7K2e+PgeI1eDBe/10Ard4ekbfrrqG8Ep+8Jmf4JID2bNg7NvCPOZN+kfF574pFQI7mum2AUqDidoKqcTOw=="
    },
    "once": {
      "version": "1.4.0",
      "resolved": "https://registry.npmjs.org/once/-/once-1.4.0.tgz",
      "integrity": "sha1-WDsap3WWHUsROsF9nFC6753Xa9E=",
      "optional": true,
      "requires": {
        "wrappy": "1"
      }
    },
    "options": {
      "version": "0.0.6",
      "resolved": "https://registry.npmjs.org/options/-/options-0.0.6.tgz",
      "integrity": "sha1-7CLTEoBrtT5zF3Pnza788cZDEo8="
    },
    "path-is-absolute": {
      "version": "1.0.1",
      "resolved": "https://registry.npmjs.org/path-is-absolute/-/path-is-absolute-1.0.1.tgz",
      "integrity": "sha1-F0uSaHNVNP+8es5r9TpanhtcX18=",
      "optional": true
    },
    "pipeworks": {
      "version": "1.2.1",
      "resolved": "https://registry.npmjs.org/pipeworks/-/pipeworks-1.2.1.tgz",
      "integrity": "sha1-Wq0insaLrPoIxsA2dyLbvXFSYk8="
    },
    "readable-stream": {
      "version": "1.1.14",
      "resolved": "https://registry.npmjs.org/readable-stream/-/readable-stream-1.1.14.tgz",
      "integrity": "sha1-fPTFTvZI44EwhMY23SB54WbAgdk=",
      "requires": {
        "core-util-is": "~1.0.0",
        "inherits": "~2.0.1",
        "isarray": "0.0.1",
        "string_decoder": "~0.10.x"
      }
    },
    "rimraf": {
      "version": "2.4.5",
      "resolved": "https://registry.npmjs.org/rimraf/-/rimraf-2.4.5.tgz",
      "integrity": "sha1-7nEM5dk6j9uFb7Xqj/Di11k0sto=",
      "optional": true,
      "requires": {
        "glob": "^6.0.1"
      }
    },
    "rx": {
      "version": "2.2.28",
      "resolved": "https://registry.npmjs.org/rx/-/rx-2.2.28.tgz",
      "integrity": "sha1-KyXQ0M4kBA3v3AAUkS/A+kBV4y8="
    },
    "spdy": {
      "version": "1.25.6",
      "resolved": "https://registry.npmjs.org/spdy/-/spdy-1.25.6.tgz",
      "integrity": "sha1-e9xar49k9aWO9vWvH8mEGtzQOvc="
    },
    "stream-counter": {
      "version": "0.2.0",
      "resolved": "https://registry.npmjs.org/stream-counter/-/stream-counter-0.2.0.tgz",
      "integrity": "sha1-3tJmVWMZyLDiIoErnPOyb6fZR94=",
      "requires": {
        "readable-stream": "~1.1.8"
      }
    },
    "strftime": {
      "version": "0.8.4",
      "resolved": "https://registry.npmjs.org/strftime/-/strftime-0.8.4.tgz",
      "integrity": "sha1-hrFZSYRefeIMDD1p2yt0+3Pk0l4="
    },
    "string_decoder": {
      "version": "0.10.31",
      "resolved": "https://registry.npmjs.org/string_decoder/-/string_decoder-0.10.31.tgz",
      "integrity": "sha1-YuIDvEF2bGwoyfyEMB2rHFMQ+pQ="
    },
    "tinycolor": {
      "version": "0.0.1",
      "resolved": "https://registry.npmjs.org/tinycolor/-/tinycolor-0.0.1.tgz",
      "integrity": "sha1-MgtaUtg6u1l42Bo+iH1K77FaYWQ="
    },
    "titan": {
      "version": "0.1.3",
      "resolved": "https://registry.npmjs.org/titan/-/titan-0.1.3.tgz",
      "integrity": "sha1-ymPR9KPrBZDJvlDncQSzrDDKRL8=",
      "requires": {
        "argo": ">=0.4.1",
        "argo-clf": ">=0.0.3",
        "argo-formatter": ">=0.0.0",
        "argo-gzip": ">=0.2.0",
        "argo-resource": ">=0.0.7",
        "argo-url-helper": ">=0.2.0",
        "argo-url-router": ">=0.0.4"
      }
    },
    "wrappy": {
      "version": "1.0.2",
      "resolved": "https://registry.npmjs.org/wrappy/-/wrappy-1.0.2.tgz",
      "integrity": "sha1-tSQ9jz7BqjXxNkYFvA0QNuMKtp8=",
      "optional": true
    },
    "ws": {
      "version": "0.4.32",
      "resolved": "https://registry.npmjs.org/ws/-/ws-0.4.32.tgz",
      "integrity": "sha1-eHphVEFPPJntg8V3IVOyD+sM7DI=",
      "requires": {
        "commander": "~2.1.0",
        "nan": "~1.0.0",
        "options": ">=0.0.5",
        "tinycolor": "0.x"
      }
    },
    "zetta": {
      "version": "0.0.3",
      "resolved": "https://registry.npmjs.org/zetta/-/zetta-0.0.3.tgz",
      "integrity": "sha1-rQ2zQTlufIPTrZDivuhfxGauejI=",
      "requires": {
        "commander": "~2.1.0",
        "zetta-runtime": "*"
      }
    },
    "zetta-runtime": {
      "version": "0.0.13",
      "resolved": "https://registry.npmjs.org/zetta-runtime/-/zetta-runtime-0.0.13.tgz",
      "integrity": "sha1-m7htgPPjUs/NOJXHKQYXVKK9qxE=",
      "requires": {
        "argo": "~0.4.9",
        "argo-formatter-siren": "~0.0.0",
        "argo-multiparty": "~0.0.3",
        "bunyan": "~0.22.3",
        "colors": "~0.6.2",
        "multiparty": "~3.2.4",
        "rx": "~2.2.20",
        "spdy": "~1.25.1",
        "strftime": "~0.8.0",
        "titan": "~0.1.1",
        "ws": "^0.4.31"
      }
    }
  }
}
